
Microsoft Visual Studio Solution File, Format Version 12.00
# Visual Studio 15
VisualStudioVersion = 15.0.28307.1525
MinimumVisualStudioVersion = 10.0.40219.1
Project("{FAE04EC0-301F-11D3-BF4B-00C04F79EFBC}") = "ProjetoFinanceiroDotnet", "ProjetoFinanceiroDotnet\ProjetoFinanceiroDotnet.csproj", "{DA95E942-7760-4699-A978-CDCBCF372068}"
EndProject
Global
	GlobalSection(SolutionConfigurationPlatforms) = preSolution
		Debug|Any CPU = Debug|Any CPU
		Release|Any CPU = Release|Any CPU
	EndGlobalSection
	GlobalSection(ProjectConfigurationPlatforms) = postSolution
		{DA95E942-7760-4699-A978-CDCBCF372068}.Debug|Any CPU.ActiveCfg = Debug|Any CPU
		{DA95E942-7760-4699-A978-CDCBCF372068}.Debug|Any CPU.Build.0 = Debug|Any CPU
		{DA95E942-7760-4699-A978-CDCBCF372068}.Release|Any CPU.ActiveCfg = Release|Any CPU
		{DA95E942-7760-4699-A978-CDCBCF372068}.Release|Any CPU.Build.0 = Release|Any CPU
	EndGlobalSection
	GlobalSection(SolutionProperties) = preSolution
		HideSolutionNode = FALSE
	EndGlobalSection
	GlobalSection(ExtensibilityGlobals) = postSolution
		SolutionGuid = {3FE66454-8C46-4DEB-9F0C-635FF3D57997}
	EndGlobalSection
EndGlobal
